
Microsoft Visual Studio Solution File, Format Version 12.00
# Visual Studio 15
VisualStudioVersion = 15.0.27130.0
MinimumVisualStudioVersion = 10.0.40219.1
Project("{9A19103F-16F7-4668-BE54-9A1E7A4F7556}") = "HealthCatalyst.CreateSQLiteDB", "HealthCatalyst.CreateSQLiteDB\HealthCatalyst.CreateSQLiteDB.csproj", "{D8D34C30-64D8-41C5-A11C-7200A63E9C36}"
EndProject
Project("{9A19103F-16F7-4668-BE54-9A1E7A4F7556}") = "HealthCatalyst.Data", "HealthCatalyst.Data\HealthCatalyst.Data.csproj", "{3AD472D6-9D74-4925-AD03-7A79EC1CD2B5}"
EndProject
Project("{9A19103F-16F7-4668-BE54-9A1E7A4F7556}") = "HealthCatalyst.Domain", "HealthCatalyst.Domain\HealthCatalyst.Domain.csproj", "{2CD6C3CE-DDCB-4994-9F68-3EE205B0484D}"
EndProject
Project("{9A19103F-16F7-4668-BE54-9A1E7A4F7556}") = "HealthCatalyst.Services", "HealthCatalyst.Services\HealthCatalyst.Services.csproj", "{2D33A359-B151-4ADD-8D0E-235740FD4FE9}"
EndProject
Project("{9A19103F-16F7-4668-BE54-9A1E7A4F7556}") = "HealthCatalyst.Services.UnitTest", "HealthCatalyst.Services.UnitTest\HealthCatalyst.Services.UnitTest.csproj", "{8FAA29F5-B04D-49CB-8240-72A92A0EB57E}"
EndProject
Project("{9A19103F-16F7-4668-BE54-9A1E7A4F7556}") = "HealthCatalyst.Web.Api", "HealthCatalyst.Web.Api\HealthCatalyst.Web.Api.csproj", "{45638FC6-EFC1-44A2-9CA7-F82F990A10C2}"
EndProject
Project("{9A19103F-16F7-4668-BE54-9A1E7A4F7556}") = "HealthCatalyst.Web.Api.UnitTest", "HealthCatalyst.Web.Api.UnitTest\HealthCatalyst.Web.Api.UnitTest.csproj", "{961B0EAE-9428-4B8B-A7E4-0D26AB4287CA}"
EndProject
Global
	GlobalSection(SolutionConfigurationPlatforms) = preSolution
		Debug|Any CPU = Debug|Any CPU
		Release|Any CPU = Release|Any CPU
	EndGlobalSection
	GlobalSection(ProjectConfigurationPlatforms) = postSolution
		{D8D34C30-64D8-41C5-A11C-7200A63E9C36}.Debug|Any CPU.ActiveCfg = Debug|Any CPU
		{D8D34C30-64D8-41C5-A11C-7200A63E9C36}.Debug|Any CPU.Build.0 = Debug|Any CPU
		{D8D34C30-64D8-41C5-A11C-7200A63E9C36}.Release|Any CPU.ActiveCfg = Release|Any CPU
		{D8D34C30-64D8-41C5-A11C-7200A63E9C36}.Release|Any CPU.Build.0 = Release|Any CPU
		{3AD472D6-9D74-4925-AD03-7A79EC1CD2B5}.Debug|Any CPU.ActiveCfg = Debug|Any CPU
		{3AD472D6-9D74-4925-AD03-7A79EC1CD2B5}.Debug|Any CPU.Build.0 = Debug|Any CPU
		{3AD472D6-9D74-4925-AD03-7A79EC1CD2B5}.Release|Any CPU.ActiveCfg = Release|Any CPU
		{3AD472D6-9D74-4925-AD03-7A79EC1CD2B5}.Release|Any CPU.Build.0 = Release|Any CPU
		{2CD6C3CE-DDCB-4994-9F68-3EE205B0484D}.Debug|Any CPU.ActiveCfg = Debug|Any CPU
		{2CD6C3CE-DDCB-4994-9F68-3EE205B0484D}.Debug|Any CPU.Build.0 = Debug|Any CPU
		{2CD6C3CE-DDCB-4994-9F68-3EE205B0484D}.Release|Any CPU.ActiveCfg = Release|Any CPU
		{2CD6C3CE-DDCB-4994-9F68-3EE205B0484D}.Release|Any CPU.Build.0 = Release|Any CPU
		{2D33A359-B151-4ADD-8D0E-235740FD4FE9}.Debug|Any CPU.ActiveCfg = Debug|Any CPU
		{2D33A359-B151-4ADD-8D0E-235740FD4FE9}.Debug|Any CPU.Build.0 = Debug|Any CPU
		{2D33A359-B151-4ADD-8D0E-235740FD4FE9}.Release|Any CPU.ActiveCfg = Release|Any CPU
		{2D33A359-B151-4ADD-8D0E-235740FD4FE9}.Release|Any CPU.Build.0 = Release|Any CPU
		{8FAA29F5-B04D-49CB-8240-72A92A0EB57E}.Debug|Any CPU.ActiveCfg = Debug|Any CPU
		{8FAA29F5-B04D-49CB-8240-72A92A0EB57E}.Debug|Any CPU.Build.0 = Debug|Any CPU
		{8FAA29F5-B04D-49CB-8240-72A92A0EB57E}.Release|Any CPU.ActiveCfg = Release|Any CPU
		{8FAA29F5-B04D-49CB-8240-72A92A0EB57E}.Release|Any CPU.Build.0 = Release|Any CPU
		{45638FC6-EFC1-44A2-9CA7-F82F990A10C2}.Debug|Any CPU.ActiveCfg = Debug|Any CPU
		{45638FC6-EFC1-44A2-9CA7-F82F990A10C2}.Debug|Any CPU.Build.0 = Debug|Any CPU
		{45638FC6-EFC1-44A2-9CA7-F82F990A10C2}.Release|Any CPU.ActiveCfg = Release|Any CPU
		{45638FC6-EFC1-44A2-9CA7-F82F990A10C2}.Release|Any CPU.Build.0 = Release|Any CPU
		{961B0EAE-9428-4B8B-A7E4-0D26AB4287CA}.Debug|Any CPU.ActiveCfg = Debug|Any CPU
		{961B0EAE-9428-4B8B-A7E4-0D26AB4287CA}.Debug|Any CPU.Build.0 = Debug|Any CPU
		{961B0EAE-9428-4B8B-A7E4-0D26AB4287CA}.Release|Any CPU.ActiveCfg = Release|Any CPU
		{961B0EAE-9428-4B8B-A7E4-0D26AB4287CA}.Release|Any CPU.Build.0 = Release|Any CPU
	EndGlobalSection
	GlobalSection(SolutionProperties) = preSolution
		HideSolutionNode = FALSE
	EndGlobalSection
	GlobalSection(ExtensibilityGlobals) = postSolution
		SolutionGuid = {4C652691-1B34-4D04-B4DB-462FF848B5A7}
	EndGlobalSection
EndGlobal
